
Microsoft Visual Studio Solution File, Format Version 12.00
# Visual Studio Version 16
VisualStudioVersion = 16.0.29728.190
MinimumVisualStudioVersion = 10.0.40219.1
Project("{FAE04EC0-301F-11D3-BF4B-00C04F79EFBC}") = "Xadrez-Console", "Xadrez-Console\Xadrez-Console.csproj", "{F102A9BB-23EA-4A3D-A6DB-909FDA4C6047}"
EndProject
Global
	GlobalSection(SolutionConfigurationPlatforms) = preSolution
		Debug|Any CPU = Debug|Any CPU
		Release|Any CPU = Release|Any CPU
	EndGlobalSection
	GlobalSection(ProjectConfigurationPlatforms) = postSolution
		{F102A9BB-23EA-4A3D-A6DB-909FDA4C6047}.Debug|Any CPU.ActiveCfg = Debug|Any CPU
		{F102A9BB-23EA-4A3D-A6DB-909FDA4C6047}.Debug|Any CPU.Build.0 = Debug|Any CPU
		{F102A9BB-23EA-4A3D-A6DB-909FDA4C6047}.Release|Any CPU.ActiveCfg = Release|Any CPU
		{F102A9BB-23EA-4A3D-A6DB-909FDA4C6047}.Release|Any CPU.Build.0 = Release|Any CPU
	EndGlobalSection
	GlobalSection(SolutionProperties) = preSolution
		HideSolutionNode = FALSE
	EndGlobalSection
	GlobalSection(ExtensibilityGlobals) = postSolution
		SolutionGuid = {F148B764-5E2D-466D-AF96-811CA51729AF}
	EndGlobalSection
EndGlobal
